// !$*UTF8*$!
{
	archiveVersion = 1;
	classes = {
	};
	objectVersion = 55;
	objects = {

/* Begin PBXBuildFile section */
		336D861728BCF99C00F2DB1E /* AppDelegate.swift in Sources */ = {isa = PBXBuildFile; fileRef = 336D861628BCF99C00F2DB1E /* AppDelegate.swift */; };
		336D861928BCF99C00F2DB1E /* SceneDelegate.swift in Sources */ = {isa = PBXBuildFile; fileRef = 336D861828BCF99C00F2DB1E /* SceneDelegate.swift */; };
		336D861B28BCF99C00F2DB1E /* ViewController.swift in Sources */ = {isa = PBXBuildFile; fileRef = 336D861A28BCF99C00F2DB1E /* ViewController.swift */; };
		336D861E28BCF99C00F2DB1E /* Main.storyboard in Resources */ = {isa = PBXBuildFile; fileRef = 336D861C28BCF99C00F2DB1E /* Main.storyboard */; };
		336D862028BCF99D00F2DB1E /* Assets.xcassets in Resources */ = {isa = PBXBuildFile; fileRef = 336D861F28BCF99D00F2DB1E /* Assets.xcassets */; };
		336D862328BCF99D00F2DB1E /* LaunchScreen.storyboard in Resources */ = {isa = PBXBuildFile; fileRef = 336D862128BCF99D00F2DB1E /* LaunchScreen.storyboard */; };
		336D862E28BCF99D00F2DB1E /* UIButtons___LabelsTests.swift in Sources */ = {isa = PBXBuildFile; fileRef = 336D862D28BCF99D00F2DB1E /* UIButtons___LabelsTests.swift */; };
		336D863828BCF99D00F2DB1E /* UIButtons___LabelsUITests.swift in Sources */ = {isa = PBXBuildFile; fileRef = 336D863728BCF99D00F2DB1E /* UIButtons___LabelsUITests.swift */; };
		336D863A28BCF99D00F2DB1E /* UIButtons___LabelsUITestsLaunchTests.swift in Sources */ = {isa = PBXBuildFile; fileRef = 336D863928BCF99D00F2DB1E /* UIButtons___LabelsUITestsLaunchTests.swift */; };
/* End PBXBuildFile section */

/* Begin PBXContainerItemProxy section */
		336D862A28BCF99D00F2DB1E /* PBXContainerItemProxy */ = {
			isa = PBXContainerItemProxy;
			containerPortal = 336D860B28BCF99C00F2DB1E /* Project object */;
			proxyType = 1;
			remoteGlobalIDString = 336D861228BCF99C00F2DB1E;
			remoteInfo = "UIButtons & Labels";
		};
		336D863428BCF99D00F2DB1E /* PBXContainerItemProxy */ = {
			isa = PBXContainerItemProxy;
			containerPortal = 336D860B28BCF99C00F2DB1E /* Project object */;
			proxyType = 1;
			remoteGlobalIDString = 336D861228BCF99C00F2DB1E;
			remoteInfo = "UIButtons & Labels";
		};
/* End PBXContainerItemProxy section */

/* Begin PBXFileReference section */
		336D861328BCF99C00F2DB1E /* UIButtons & Labels.app */ = {isa = PBXFileReference; explicitFileType = wrapper.application; includeInIndex = 0; path = "UIButtons & Labels.app"; sourceTree = BUILT_PRODUCTS_DIR; };
		336D861628BCF99C00F2DB1E /* AppDelegate.swift */ = {isa = PBXFileReference; lastKnownFileType = sourcecode.swift; path = AppDelegate.swift; sourceTree = "<group>"; };
		336D861828BCF99C00F2DB1E /* SceneDelegate.swift */ = {isa = PBXFileReference; lastKnownFileType = sourcecode.swift; path = SceneDelegate.swift; sourceTree = "<group>"; };
		336D861A28BCF99C00F2DB1E /* ViewController.swift */ = {isa = PBXFileReference; lastKnownFileType = sourcecode.swift; path = ViewController.swift; sourceTree = "<group>"; };
		336D861D28BCF99C00F2DB1E /* Base */ = {isa = PBXFileReference; lastKnownFileType = file.storyboard; name = Base; path = Base.lproj/Main.storyboard; sourceTree = "<group>"; };
		336D861F28BCF99D00F2DB1E /* Assets.xcassets */ = {isa = PBXFileReference; lastKnownFileType = folder.assetcatalog; path = Assets.xcassets; sourceTree = "<group>"; };
		336D862228BCF99D00F2DB1E /* Base */ = {isa = PBXFileReference; lastKnownFileType = file.storyboard; name = Base; path = Base.lproj/LaunchScreen.storyboard; sourceTree = "<group>"; };
		336D862428BCF99D00F2DB1E /* Info.plist */ = {isa = PBXFileReference; lastKnownFileType = text.plist.xml; path = Info.plist; sourceTree = "<group>"; };
		336D862928BCF99D00F2DB1E /* UIButtons & LabelsTests.xctest */ = {isa = PBXFileReference; explicitFileType = wrapper.cfbundle; includeInIndex = 0; path = "UIButtons & LabelsTests.xctest"; sourceTree = BUILT_PRODUCTS_DIR; };
		336D862D28BCF99D00F2DB1E /* UIButtons___LabelsTests.swift */ = {isa = PBXFileReference; lastKnownFileType = sourcecode.swift; path = "UIButtons___LabelsTests.swift"; sourceTree = "<group>"; };
		336D863328BCF99D00F2DB1E /* UIButtons & LabelsUITests.xctest */ = {isa = PBXFileReference; explicitFileType = wrapper.cfbundle; includeInIndex = 0; path = "UIButtons & LabelsUITests.xctest"; sourceTree = BUILT_PRODUCTS_DIR; };
		336D863728BCF99D00F2DB1E /* UIButtons___LabelsUITests.swift */ = {isa = PBXFileReference; lastKnownFileType = sourcecode.swift; path = "UIButtons___LabelsUITests.swift"; sourceTree = "<group>"; };
		336D863928BCF99D00F2DB1E /* UIButtons___LabelsUITestsLaunchTests.swift */ = {isa = PBXFileReference; lastKnownFileType = sourcecode.swift; path = "UIButtons___LabelsUITestsLaunchTests.swift"; sourceTree = "<group>"; };
/* End PBXFileReference section */

/* Begin PBXFrameworksBuildPhase section */
		336D861028BCF99C00F2DB1E /* Frameworks */ = {
			isa = PBXFrameworksBuildPhase;
			buildActionMask = 2147483647;
			files = (
			);
			runOnlyForDeploymentPostprocessing = 0;
		};
		336D862628BCF99D00F2DB1E /* Frameworks */ = {
			isa = PBXFrameworksBuildPhase;
			buildActionMask = 2147483647;
			files = (
			);
			runOnlyForDeploymentPostprocessing = 0;
		};
		336D863028BCF99D00F2DB1E /* Frameworks */ = {
			isa = PBXFrameworksBuildPhase;
			buildActionMask = 2147483647;
			files = (
			);
			runOnlyForDeploymentPostprocessing = 0;
		};
/* End PBXFrameworksBuildPhase section */

/* Begin PBXGroup section */
		336D860A28BCF99C00F2DB1E = {
			isa = PBXGroup;
			children = (
				336D861528BCF99C00F2DB1E /* UIButtons & Labels */,
				336D862C28BCF99D00F2DB1E /* UIButtons & LabelsTests */,
				336D863628BCF99D00F2DB1E /* UIButtons & LabelsUITests */,
				336D861428BCF99C00F2DB1E /* Products */,
			);
			sourceTree = "<group>";
		};
		336D861428BCF99C00F2DB1E /* Products */ = {
			isa = PBXGroup;
			children = (
				336D861328BCF99C00F2DB1E /* UIButtons & Labels.app */,
				336D862928BCF99D00F2DB1E /* UIButtons & LabelsTests.xctest */,
				336D863328BCF99D00F2DB1E /* UIButtons & LabelsUITests.xctest */,
			);
			name = Products;
			sourceTree = "<group>";
		};
		336D861528BCF99C00F2DB1E /* UIButtons & Labels */ = {
			isa = PBXGroup;
			children = (
				336D861628BCF99C00F2DB1E /* AppDelegate.swift */,
				336D861828BCF99C00F2DB1E /* SceneDelegate.swift */,
				336D861A28BCF99C00F2DB1E /* ViewController.swift */,
				336D861C28BCF99C00F2DB1E /* Main.storyboard */,
				336D861F28BCF99D00F2DB1E /* Assets.xcassets */,
				336D862128BCF99D00F2DB1E /* LaunchScreen.storyboard */,
				336D862428BCF99D00F2DB1E /* Info.plist */,
			);
			path = "UIButtons & Labels";
			sourceTree = "<group>";
		};
		336D862C28BCF99D00F2DB1E /* UIButtons & LabelsTests */ = {
			isa = PBXGroup;
			children = (
				336D862D28BCF99D00F2DB1E /* UIButtons___LabelsTests.swift */,
			);
			path = "UIButtons & LabelsTests";
			sourceTree = "<group>";
		};
		336D863628BCF99D00F2DB1E /* UIButtons & LabelsUITests */ = {
			isa = PBXGroup;
			children = (
				336D863728BCF99D00F2DB1E /* UIButtons___LabelsUITests.swift */,
				336D863928BCF99D00F2DB1E /* UIButtons___LabelsUITestsLaunchTests.swift */,
			);
			path = "UIButtons & LabelsUITests";
			sourceTree = "<group>";
		};
/* End PBXGroup section */

/* Begin PBXNativeTarget section */
		336D861228BCF99C00F2DB1E /* UIButtons & Labels */ = {
			isa = PBXNativeTarget;
			buildConfigurationList = 336D863D28BCF99D00F2DB1E /* Build configuration list for PBXNativeTarget "UIButtons & Labels" */;
			buildPhases = (
				336D860F28BCF99C00F2DB1E /* Sources */,
				336D861028BCF99C00F2DB1E /* Frameworks */,
				336D861128BCF99C00F2DB1E /* Resources */,
			);
			buildRules = (
			);
			dependencies = (
			);
			name = "UIButtons & Labels";
			productName = "UIButtons & Labels";
			productReference = 336D861328BCF99C00F2DB1E /* UIButtons & Labels.app */;
			productType = "com.apple.product-type.application";
		};
		336D862828BCF99D00F2DB1E /* UIButtons & LabelsTests */ = {
			isa = PBXNativeTarget;
			buildConfigurationList = 336D864028BCF99D00F2DB1E /* Build configuration list for PBXNativeTarget "UIButtons & LabelsTests" */;
			buildPhases = (
				336D862528BCF99D00F2DB1E /* Sources */,
				336D862628BCF99D00F2DB1E /* Frameworks */,
				336D862728BCF99D00F2DB1E /* Resources */,
			);
			buildRules = (
			);
			dependencies = (
				336D862B28BCF99D00F2DB1E /* PBXTargetDependency */,
			);
			name = "UIButtons & LabelsTests";
			productName = "UIButtons & LabelsTests";
			productReference = 336D862928BCF99D00F2DB1E /* UIButtons & LabelsTests.xctest */;
			productType = "com.apple.product-type.bundle.unit-test";
		};
		336D863228BCF99D00F2DB1E /* UIButtons & LabelsUITests */ = {
			isa = PBXNativeTarget;
			buildConfigurationList = 336D864328BCF99D00F2DB1E /* Build configuration list for PBXNativeTarget "UIButtons & LabelsUITests" */;
			buildPhases = (
				336D862F28BCF99D00F2DB1E /* Sources */,
				336D863028BCF99D00F2DB1E /* Frameworks */,
				336D863128BCF99D00F2DB1E /* Resources */,
			);
			buildRules = (
			);
			dependencies = (
				336D863528BCF99D00F2DB1E /* PBXTargetDependency */,
			);
			name = "UIButtons & LabelsUITests";
			productName = "UIButtons & LabelsUITests";
			productReference = 336D863328BCF99D00F2DB1E /* UIButtons & LabelsUITests.xctest */;
			productType = "com.apple.product-type.bundle.ui-testing";
		};
/* End PBXNativeTarget section */

/* Begin PBXProject section */
		336D860B28BCF99C00F2DB1E /* Project object */ = {
			isa = PBXProject;
			attributes = {
				BuildIndependentTargetsInParallel = 1;
				LastSwiftUpdateCheck = 1340;
				LastUpgradeCheck = 1340;
				TargetAttributes = {
					336D861228BCF99C00F2DB1E = {
						CreatedOnToolsVersion = 13.4.1;
					};
					336D862828BCF99D00F2DB1E = {
						CreatedOnToolsVersion = 13.4.1;
						TestTargetID = 336D861228BCF99C00F2DB1E;
					};
					336D863228BCF99D00F2DB1E = {
						CreatedOnToolsVersion = 13.4.1;
						TestTargetID = 336D861228BCF99C00F2DB1E;
					};
				};
			};
			buildConfigurationList = 336D860E28BCF99C00F2DB1E /* Build configuration list for PBXProject "UIButtons & Labels" */;
			compatibilityVersion = "Xcode 13.0";
			developmentRegion = en;
			hasScannedForEncodings = 0;
			knownRegions = (
				en,
				Base,
			);
			mainGroup = 336D860A28BCF99C00F2DB1E;
			productRefGroup = 336D861428BCF99C00F2DB1E /* Products */;
			projectDirPath = "";
			projectRoot = "";
			targets = (
				336D861228BCF99C00F2DB1E /* UIButtons & Labels */,
				336D862828BCF99D00F2DB1E /* UIButtons & LabelsTests */,
				336D863228BCF99D00F2DB1E /* UIButtons & LabelsUITests */,
			);
		};
/* End PBXProject section */

/* Begin PBXResourcesBuildPhase section */
		336D861128BCF99C00F2DB1E /* Resources */ = {
			isa = PBXResourcesBuildPhase;
			buildActionMask = 2147483647;
			files = (
				336D862328BCF99D00F2DB1E /* LaunchScreen.storyboard in Resources */,
				336D862028BCF99D00F2DB1E /* Assets.xcassets in Resources */,
				336D861E28BCF99C00F2DB1E /* Main.storyboard in Resources */,
			);
			runOnlyForDeploymentPostprocessing = 0;
		};
		336D862728BCF99D00F2DB1E /* Resources */ = {
			isa = PBXResourcesBuildPhase;
			buildActionMask = 2147483647;
			files = (
			);
			runOnlyForDeploymentPostprocessing = 0;
		};
		336D863128BCF99D00F2DB1E /* Resources */ = {
			isa = PBXResourcesBuildPhase;
			buildActionMask = 2147483647;
			files = (
			);
			runOnlyForDeploymentPostprocessing = 0;
		};
/* End PBXResourcesBuildPhase section */

/* Begin PBXSourcesBuildPhase section */
		336D860F28BCF99C00F2DB1E /* Sources */ = {
			isa = PBXSourcesBuildPhase;
			buildActionMask = 2147483647;
			files = (
				336D861B28BCF99C00F2DB1E /* ViewController.swift in Sources */,
				336D861728BCF99C00F2DB1E /* AppDelegate.swift in Sources */,
				336D861928BCF99C00F2DB1E /* SceneDelegate.swift in Sources */,
			);
			runOnlyForDeploymentPostprocessing = 0;
		};
		336D862528BCF99D00F2DB1E /* Sources */ = {
			isa = PBXSourcesBuildPhase;
			buildActionMask = 2147483647;
			files = (
				336D862E28BCF99D00F2DB1E /* UIButtons___LabelsTests.swift in Sources */,
			);
			runOnlyForDeploymentPostprocessing = 0;
		};
		336D862F28BCF99D00F2DB1E /* Sources */ = {
			isa = PBXSourcesBuildPhase;
			buildActionMask = 2147483647;
			files = (
				336D863828BCF99D00F2DB1E /* UIButtons___LabelsUITests.swift in Sources */,
				336D863A28BCF99D00F2DB1E /* UIButtons___LabelsUITestsLaunchTests.swift in Sources */,
			);
			runOnlyForDeploymentPostprocessing = 0;
		};
/* End PBXSourcesBuildPhase section */

/* Begin PBXTargetDependency section */
		336D862B28BCF99D00F2DB1E /* PBXTargetDependency */ = {
			isa = PBXTargetDependency;
			target = 336D861228BCF99C00F2DB1E /* UIButtons & Labels */;
			targetProxy = 336D862A28BCF99D00F2DB1E /* PBXContainerItemProxy */;
		};
		336D863528BCF99D00F2DB1E /* PBXTargetDependency */ = {
			isa = PBXTargetDependency;
			target = 336D861228BCF99C00F2DB1E /* UIButtons & Labels */;
			targetProxy = 336D863428BCF99D00F2DB1E /* PBXContainerItemProxy */;
		};
/* End PBXTargetDependency section */

/* Begin PBXVariantGroup section */
		336D861C28BCF99C00F2DB1E /* Main.storyboard */ = {
			isa = PBXVariantGroup;
			children = (
				336D861D28BCF99C00F2DB1E /* Base */,
			);
			name = Main.storyboard;
			sourceTree = "<group>";
		};
		336D862128BCF99D00F2DB1E /* LaunchScreen.storyboard */ = {
			isa = PBXVariantGroup;
			children = (
				336D862228BCF99D00F2DB1E /* Base */,
			);
			name = LaunchScreen.storyboard;
			sourceTree = "<group>";
		};
/* End PBXVariantGroup section */

/* Begin XCBuildConfiguration section */
		336D863B28BCF99D00F2DB1E /* Debug */ = {
			isa = XCBuildConfiguration;
			buildSettings = {
				ALWAYS_SEARCH_USER_PATHS = NO;
				CLANG_ANALYZER_NONNULL = YES;
				CLANG_ANALYZER_NUMBER_OBJECT_CONVERSION = YES_AGGRESSIVE;
				CLANG_CXX_LANGUAGE_STANDARD = "gnu++17";
				CLANG_ENABLE_MODULES = YES;
				CLANG_ENABLE_OBJC_ARC = YES;
				CLANG_ENABLE_OBJC_WEAK = YES;
				CLANG_WARN_BLOCK_CAPTURE_AUTORELEASING = YES;
				CLANG_WARN_BOOL_CONVERSION = YES;
				CLANG_WARN_COMMA = YES;
				CLANG_WARN_CONSTANT_CONVERSION = YES;
				CLANG_WARN_DEPRECATED_OBJC_IMPLEMENTATIONS = YES;
				CLANG_WARN_DIRECT_OBJC_ISA_USAGE = YES_ERROR;
				CLANG_WARN_DOCUMENTATION_COMMENTS = YES;
				CLANG_WARN_EMPTY_BODY = YES;
				CLANG_WARN_ENUM_CONVERSION = YES;
				CLANG_WARN_INFINITE_RECURSION = YES;
				CLANG_WARN_INT_CONVERSION = YES;
				CLANG_WARN_NON_LITERAL_NULL_CONVERSION = YES;
				CLANG_WARN_OBJC_IMPLICIT_RETAIN_SELF = YES;
				CLANG_WARN_OBJC_LITERAL_CONVERSION = YES;
				CLANG_WARN_OBJC_ROOT_CLASS = YES_ERROR;
				CLANG_WARN_QUOTED_INCLUDE_IN_FRAMEWORK_HEADER = YES;
				CLANG_WARN_RANGE_LOOP_ANALYSIS = YES;
				CLANG_WARN_STRICT_PROTOTYPES = YES;
				CLANG_WARN_SUSPICIOUS_MOVE = YES;
				CLANG_WARN_UNGUARDED_AVAILABILITY = YES_AGGRESSIVE;
				CLANG_WARN_UNREACHABLE_CODE = YES;
				CLANG_WARN__DUPLICATE_METHOD_MATCH = YES;
				COPY_PHASE_STRIP = NO;
				DEBUG_INFORMATION_FORMAT = dwarf;
				ENABLE_STRICT_OBJC_MSGSEND = YES;
				ENABLE_TESTABILITY = YES;
				GCC_C_LANGUAGE_STANDARD = gnu11;
				GCC_DYNAMIC_NO_PIC = NO;
				GCC_NO_COMMON_BLOCKS = YES;
				GCC_OPTIMIZATION_LEVEL = 0;
				GCC_PREPROCESSOR_DEFINITIONS = (
					"DEBUG=1",
					"$(inherited)",
				);
				GCC_WARN_64_TO_32_BIT_CONVERSION = YES;
				GCC_WARN_ABOUT_RETURN_TYPE = YES_ERROR;
				GCC_WARN_UNDECLARED_SELECTOR = YES;
				GCC_WARN_UNINITIALIZED_AUTOS = YES_AGGRESSIVE;
				GCC_WARN_UNUSED_FUNCTION = YES;
				GCC_WARN_UNUSED_VARIABLE = YES;
				IPHONEOS_DEPLOYMENT_TARGET = 15.5;
				MTL_ENABLE_DEBUG_INFO = INCLUDE_SOURCE;
				MTL_FAST_MATH = YES;
				ONLY_ACTIVE_ARCH = YES;
				SDKROOT = iphoneos;
				SWIFT_ACTIVE_COMPILATION_CONDITIONS = DEBUG;
				SWIFT_OPTIMIZATION_LEVEL = "-Onone";
			};
			name = Debug;
		};
		336D863C28BCF99D00F2DB1E /* Release */ = {
			isa = XCBuildConfiguration;
			buildSettings = {
				ALWAYS_SEARCH_USER_PATHS = NO;
				CLANG_ANALYZER_NONNULL = YES;
				CLANG_ANALYZER_NUMBER_OBJECT_CONVERSION = YES_AGGRESSIVE;
				CLANG_CXX_LANGUAGE_STANDARD = "gnu++17";
				CLANG_ENABLE_MODULES = YES;
				CLANG_ENABLE_OBJC_ARC = YES;
				CLANG_ENABLE_OBJC_WEAK = YES;
				CLANG_WARN_BLOCK_CAPTURE_AUTORELEASING = YES;
				CLANG_WARN_BOOL_CONVERSION = YES;
				CLANG_WARN_COMMA = YES;
				CLANG_WARN_CONSTANT_CONVERSION = YES;
				CLANG_WARN_DEPRECATED_OBJC_IMPLEMENTATIONS = YES;
				CLANG_WARN_DIRECT_OBJC_ISA_USAGE = YES_ERROR;
				CLANG_WARN_DOCUMENTATION_COMMENTS = YES;
				CLANG_WARN_EMPTY_BODY = YES;
				CLANG_WARN_ENUM_CONVERSION = YES;
				CLANG_WARN_INFINITE_RECURSION = YES;
				CLANG_WARN_INT_CONVERSION = YES;
				CLANG_WARN_NON_LITERAL_NULL_CONVERSION = YES;
				CLANG_WARN_OBJC_IMPLICIT_RETAIN_SELF = YES;
				CLANG_WARN_OBJC_LITERAL_CONVERSION = YES;
				CLANG_WARN_OBJC_ROOT_CLASS = YES_ERROR;
				CLANG_WARN_QUOTED_INCLUDE_IN_FRAMEWORK_HEADER = YES;
				CLANG_WARN_RANGE_LOOP_ANALYSIS = YES;
				CLANG_WARN_STRICT_PROTOTYPES = YES;
				CLANG_WARN_SUSPICIOUS_MOVE = YES;
				CLANG_WARN_UNGUARDED_AVAILABILITY = YES_AGGRESSIVE;
				CLANG_WARN_UNREACHABLE_CODE = YES;
				CLANG_WARN__DUPLICATE_METHOD_MATCH = YES;
				COPY_PHASE_STRIP = NO;
				DEBUG_INFORMATION_FORMAT = "dwarf-with-dsym";
				ENABLE_NS_ASSERTIONS = NO;
				ENABLE_STRICT_OBJC_MSGSEND = YES;
				GCC_C_LANGUAGE_STANDARD = gnu11;
				GCC_NO_COMMON_BLOCKS = YES;
				GCC_WARN_64_TO_32_BIT_CONVERSION = YES;
				GCC_WARN_ABOUT_RETURN_TYPE = YES_ERROR;
				GCC_WARN_UNDECLARED_SELECTOR = YES;
				GCC_WARN_UNINITIALIZED_AUTOS = YES_AGGRESSIVE;
				GCC_WARN_UNUSED_FUNCTION = YES;
				GCC_WARN_UNUSED_VARIABLE = YES;
				IPHONEOS_DEPLOYMENT_TARGET = 15.5;
				MTL_ENABLE_DEBUG_INFO = NO;
				MTL_FAST_MATH = YES;
				SDKROOT = iphoneos;
				SWIFT_COMPILATION_MODE = wholemodule;
				SWIFT_OPTIMIZATION_LEVEL = "-O";
				VALIDATE_PRODUCT = YES;
			};
			name = Release;
		};
		336D863E28BCF99D00F2DB1E /* Debug */ = {
			isa = XCBuildConfiguration;
			buildSettings = {
				ASSETCATALOG_COMPILER_APPICON_NAME = AppIcon;
				ASSETCATALOG_COMPILER_GLOBAL_ACCENT_COLOR_NAME = AccentColor;
				CODE_SIGN_STYLE = Automatic;
				CURRENT_PROJECT_VERSION = 1;
				DEVELOPMENT_TEAM = 8R46N244M5;
				GENERATE_INFOPLIST_FILE = YES;
				INFOPLIST_FILE = "UIButtons & Labels/Info.plist";
				INFOPLIST_KEY_UIApplicationSupportsIndirectInputEvents = YES;
				INFOPLIST_KEY_UILaunchStoryboardName = LaunchScreen;
				INFOPLIST_KEY_UIMainStoryboardFile = Main;
				INFOPLIST_KEY_UISupportedInterfaceOrientations_iPad = "UIInterfaceOrientationPortrait UIInterfaceOrientationPortraitUpsideDown UIInterfaceOrientationLandscapeLeft UIInterfaceOrientationLandscapeRight";
				INFOPLIST_KEY_UISupportedInterfaceOrientations_iPhone = "UIInterfaceOrientationPortrait UIInterfaceOrientationLandscapeLeft UIInterfaceOrientationLandscapeRight";
				LD_RUNPATH_SEARCH_PATHS = (
					"$(inherited)",
					"@executable_path/Frameworks",
				);
				MARKETING_VERSION = 1.0;
				PRODUCT_BUNDLE_IDENTIFIER = "org.d127.230195.UIButtons---Labels";
				PRODUCT_NAME = "$(TARGET_NAME)";
				SWIFT_EMIT_LOC_STRINGS = YES;
				SWIFT_VERSION = 5.0;
				TARGETED_DEVICE_FAMILY = "1,2";
			};
			name = Debug;
		};
		336D863F28BCF99D00F2DB1E /* Release */ = {
			isa = XCBuildConfiguration;
			buildSettings = {
				ASSETCATALOG_COMPILER_APPICON_NAME = AppIcon;
				ASSETCATALOG_COMPILER_GLOBAL_ACCENT_COLOR_NAME = AccentColor;
				CODE_SIGN_STYLE = Automatic;
				CURRENT_PROJECT_VERSION = 1;
				DEVELOPMENT_TEAM = 8R46N244M5;
				GENERATE_INFOPLIST_FILE = YES;
				INFOPLIST_FILE = "UIButtons & Labels/Info.plist";
				INFOPLIST_KEY_UIApplicationSupportsIndirectInputEvents = YES;
				INFOPLIST_KEY_UILaunchStoryboardName = LaunchScreen;
				INFOPLIST_KEY_UIMainStoryboardFile = Main;
				INFOPLIST_KEY_UISupportedInterfaceOrientations_iPad = "UIInterfaceOrientationPortrait UIInterfaceOrientationPortraitUpsideDown UIInterfaceOrientationLandscapeLeft UIInterfaceOrientationLandscapeRight";
				INFOPLIST_KEY_UISupportedInterfaceOrientations_iPhone = "UIInterfaceOrientationPortrait UIInterfaceOrientationLandscapeLeft UIInterfaceOrientationLandscapeRight";
				LD_RUNPATH_SEARCH_PATHS = (
					"$(inherited)",
					"@executable_path/Frameworks",
				);
				MARKETING_VERSION = 1.0;
				PRODUCT_BUNDLE_IDENTIFIER = "org.d127.230195.UIButtons---Labels";
				PRODUCT_NAME = "$(TARGET_NAME)";
				SWIFT_EMIT_LOC_STRINGS = YES;
				SWIFT_VERSION = 5.0;
				TARGETED_DEVICE_FAMILY = "1,2";
			};
			name = Release;
		};
		336D864128BCF99D00F2DB1E /* Debug */ = {
			isa = XCBuildConfiguration;
			buildSettings = {
				ALWAYS_EMBED_SWIFT_STANDARD_LIBRARIES = YES;
				BUNDLE_LOADER = "$(TEST_HOST)";
				CODE_SIGN_STYLE = Automatic;
				CURRENT_PROJECT_VERSION = 1;
				DEVELOPMENT_TEAM = 8R46N244M5;
				GENERATE_INFOPLIST_FILE = YES;
				IPHONEOS_DEPLOYMENT_TARGET = 15.5;
				MARKETING_VERSION = 1.0;
				PRODUCT_BUNDLE_IDENTIFIER = "org.d127.230195.UIButtons---LabelsTests";
				PRODUCT_NAME = "$(TARGET_NAME)";
				SWIFT_EMIT_LOC_STRINGS = NO;
				SWIFT_VERSION = 5.0;
				TARGETED_DEVICE_FAMILY = "1,2";
				TEST_HOST = "$(BUILT_PRODUCTS_DIR)/UIButtons & Labels.app/UIButtons & Labels";
			};
			name = Debug;
		};
		336D864228BCF99D00F2DB1E /* Release */ = {
			isa = XCBuildConfiguration;
			buildSettings = {
				ALWAYS_EMBED_SWIFT_STANDARD_LIBRARIES = YES;
				BUNDLE_LOADER = "$(TEST_HOST)";
				CODE_SIGN_STYLE = Automatic;
				CURRENT_PROJECT_VERSION = 1;
				DEVELOPMENT_TEAM = 8R46N244M5;
				GENERATE_INFOPLIST_FILE = YES;
				IPHONEOS_DEPLOYMENT_TARGET = 15.5;
				MARKETING_VERSION = 1.0;
				PRODUCT_BUNDLE_IDENTIFIER = "org.d127.230195.UIButtons---LabelsTests";
				PRODUCT_NAME = "$(TARGET_NAME)";
				SWIFT_EMIT_LOC_STRINGS = NO;
				SWIFT_VERSION = 5.0;
				TARGETED_DEVICE_FAMILY = "1,2";
				TEST_HOST = "$(BUILT_PRODUCTS_DIR)/UIButtons & Labels.app/UIButtons & Labels";
			};
			name = Release;
		};
		336D864428BCF99D00F2DB1E /* Debug */ = {
			isa = XCBuildConfiguration;
			buildSettings = {
				ALWAYS_EMBED_SWIFT_STANDARD_LIBRARIES = YES;
				CODE_SIGN_STYLE = Automatic;
				CURRENT_PROJECT_VERSION = 1;
				DEVELOPMENT_TEAM = 8R46N244M5;
				GENERATE_INFOPLIST_FILE = YES;
				MARKETING_VERSION = 1.0;
				PRODUCT_BUNDLE_IDENTIFIER = "org.d127.230195.UIButtons---LabelsUITests";
				PRODUCT_NAME = "$(TARGET_NAME)";
				SWIFT_EMIT_LOC_STRINGS = NO;
				SWIFT_VERSION = 5.0;
				TARGETED_DEVICE_FAMILY = "1,2";
				TEST_TARGET_NAME = "UIButtons & Labels";
			};
			name = Debug;
		};
		336D864528BCF99D00F2DB1E /* Release */ = {
			isa = XCBuildConfiguration;
			buildSettings = {
				ALWAYS_EMBED_SWIFT_STANDARD_LIBRARIES = YES;
				CODE_SIGN_STYLE = Automatic;
				CURRENT_PROJECT_VERSION = 1;
				DEVELOPMENT_TEAM = 8R46N244M5;
				GENERATE_INFOPLIST_FILE = YES;
				MARKETING_VERSION = 1.0;
				PRODUCT_BUNDLE_IDENTIFIER = "org.d127.230195.UIButtons---LabelsUITests";
				PRODUCT_NAME = "$(TARGET_NAME)";
				SWIFT_EMIT_LOC_STRINGS = NO;
				SWIFT_VERSION = 5.0;
				TARGETED_DEVICE_FAMILY = "1,2";
				TEST_TARGET_NAME = "UIButtons & Labels";
			};
			name = Release;
		};
/* End XCBuildConfiguration section */

/* Begin XCConfigurationList section */
		336D860E28BCF99C00F2DB1E /* Build configuration list for PBXProject "UIButtons & Labels" */ = {
			isa = XCConfigurationList;
			buildConfigurations = (
				336D863B28BCF99D00F2DB1E /* Debug */,
				336D863C28BCF99D00F2DB1E /* Release */,
			);
			defaultConfigurationIsVisible = 0;
			defaultConfigurationName = Release;
		};
		336D863D28BCF99D00F2DB1E /* Build configuration list for PBXNativeTarget "UIButtons & Labels" */ = {
			isa = XCConfigurationList;
			buildConfigurations = (
				336D863E28BCF99D00F2DB1E /* Debug */,
				336D863F28BCF99D00F2DB1E /* Release */,
			);
			defaultConfigurationIsVisible = 0;
			defaultConfigurationName = Release;
		};
		336D864028BCF99D00F2DB1E /* Build configuration list for PBXNativeTarget "UIButtons & LabelsTests" */ = {
			isa = XCConfigurationList;
			buildConfigurations = (
				336D864128BCF99D00F2DB1E /* Debug */,
				336D864228BCF99D00F2DB1E /* Release */,
			);
			defaultConfigurationIsVisible = 0;
			defaultConfigurationName = Release;
		};
		336D864328BCF99D00F2DB1E /* Build configuration list for PBXNativeTarget "UIButtons & LabelsUITests" */ = {
			isa = XCConfigurationList;
			buildConfigurations = (
				336D864428BCF99D00F2DB1E /* Debug */,
				336D864528BCF99D00F2DB1E /* Release */,
			);
			defaultConfigurationIsVisible = 0;
			defaultConfigurationName = Release;
		};
/* End XCConfigurationList section */
	};
	rootObject = 336D860B28BCF99C00F2DB1E /* Project object */;
}
